// !$*UTF8*$!
{
	archiveVersion = 1;
	classes = {
	};
	objectVersion = 56;
	objects = {

/* Begin PBXBuildFile section */
		20CF53CD2BEAB9E800232428 /* RealityKitContent in Frameworks */ = {isa = PBXBuildFile; productRef = 20CF53CC2BEAB9E800232428 /* RealityKitContent */; };
		20CF53CF2BEAB9E800232428 /* all_notes_matter_visionOSApp.swift in Sources */ = {isa = PBXBuildFile; fileRef = 20CF53CE2BEAB9E800232428 /* all_notes_matter_visionOSApp.swift */; };
		20CF53D12BEAB9E800232428 /* ContentView.swift in Sources */ = {isa = PBXBuildFile; fileRef = 20CF53D02BEAB9E800232428 /* ContentView.swift */; };
		20CF53D32BEAB9E800232428 /* ImmersiveView.swift in Sources */ = {isa = PBXBuildFile; fileRef = 20CF53D22BEAB9E800232428 /* ImmersiveView.swift */; };
		20CF53D52BEAB9EA00232428 /* Assets.xcassets in Resources */ = {isa = PBXBuildFile; fileRef = 20CF53D42BEAB9EA00232428 /* Assets.xcassets */; };
		20CF53D82BEAB9EA00232428 /* Preview Assets.xcassets in Resources */ = {isa = PBXBuildFile; fileRef = 20CF53D72BEAB9EA00232428 /* Preview Assets.xcassets */; };
		20CF53EC2BEABE0300232428 /* solos-drums.mp3 in Resources */ = {isa = PBXBuildFile; fileRef = 20CF53E62BEABE0200232428 /* solos-drums.mp3 */; };
		20CF53ED2BEABE0300232428 /* solos-vocals.mp3 in Resources */ = {isa = PBXBuildFile; fileRef = 20CF53E72BEABE0200232428 /* solos-vocals.mp3 */; };
		20CF53EE2BEABE0300232428 /* solos-bass.mp3 in Resources */ = {isa = PBXBuildFile; fileRef = 20CF53E82BEABE0200232428 /* solos-bass.mp3 */; };
		20CF53EF2BEABE0300232428 /* solos-guitar.mp3 in Resources */ = {isa = PBXBuildFile; fileRef = 20CF53E92BEABE0200232428 /* solos-guitar.mp3 */; };
		20CF53F02BEABE0300232428 /* solos-full.mp3 in Resources */ = {isa = PBXBuildFile; fileRef = 20CF53EA2BEABE0300232428 /* solos-full.mp3 */; };
		20CF53F12BEABE0300232428 /* solos-other.mp3 in Resources */ = {isa = PBXBuildFile; fileRef = 20CF53EB2BEABE0300232428 /* solos-other.mp3 */; };
		20CF53F82BEABE1000232428 /* theme1-full.mp3 in Resources */ = {isa = PBXBuildFile; fileRef = 20CF53F22BEABE0F00232428 /* theme1-full.mp3 */; };
		20CF53F92BEABE1000232428 /* theme1-bass.mp3 in Resources */ = {isa = PBXBuildFile; fileRef = 20CF53F32BEABE0F00232428 /* theme1-bass.mp3 */; };
		20CF53FA2BEABE1000232428 /* theme1-other.mp3 in Resources */ = {isa = PBXBuildFile; fileRef = 20CF53F42BEABE0F00232428 /* theme1-other.mp3 */; };
		20CF53FB2BEABE1000232428 /* theme1-guitar.mp3 in Resources */ = {isa = PBXBuildFile; fileRef = 20CF53F52BEABE1000232428 /* theme1-guitar.mp3 */; };
		20CF53FC2BEABE1000232428 /* theme1-drums.mp3 in Resources */ = {isa = PBXBuildFile; fileRef = 20CF53F62BEABE1000232428 /* theme1-drums.mp3 */; };
		20CF53FD2BEABE1000232428 /* theme1-vocals.mp3 in Resources */ = {isa = PBXBuildFile; fileRef = 20CF53F72BEABE1000232428 /* theme1-vocals.mp3 */; };
		20CF54042BEABE1B00232428 /* theme2-guitar.mp3 in Resources */ = {isa = PBXBuildFile; fileRef = 20CF53FE2BEABE1A00232428 /* theme2-guitar.mp3 */; };
		20CF54052BEABE1B00232428 /* theme2-other.mp3 in Resources */ = {isa = PBXBuildFile; fileRef = 20CF53FF2BEABE1A00232428 /* theme2-other.mp3 */; };
		20CF54062BEABE1B00232428 /* theme2-vocals.mp3 in Resources */ = {isa = PBXBuildFile; fileRef = 20CF54002BEABE1A00232428 /* theme2-vocals.mp3 */; };
		20CF54072BEABE1B00232428 /* theme2-bass.mp3 in Resources */ = {isa = PBXBuildFile; fileRef = 20CF54012BEABE1B00232428 /* theme2-bass.mp3 */; };
		20CF54082BEABE1B00232428 /* theme2-drums.mp3 in Resources */ = {isa = PBXBuildFile; fileRef = 20CF54022BEABE1B00232428 /* theme2-drums.mp3 */; };
		20CF54092BEABE1B00232428 /* theme2-full.mp3 in Resources */ = {isa = PBXBuildFile; fileRef = 20CF54032BEABE1B00232428 /* theme2-full.mp3 */; };
		20CF542E2BEABE3400232428 /* dt-bass-chorus2.mp3 in Resources */ = {isa = PBXBuildFile; fileRef = 20CF540A2BEABE3200232428 /* dt-bass-chorus2.mp3 */; };
		20CF542F2BEABE3400232428 /* dt-drums-chorus2.mp3 in Resources */ = {isa = PBXBuildFile; fileRef = 20CF540B2BEABE3200232428 /* dt-drums-chorus2.mp3 */; };
		20CF54302BEABE3400232428 /* dt-full-chorus2.mp3 in Resources */ = {isa = PBXBuildFile; fileRef = 20CF540C2BEABE3200232428 /* dt-full-chorus2.mp3 */; };
		20CF54312BEABE3400232428 /* dt-guitar-chorus2.mp3 in Resources */ = {isa = PBXBuildFile; fileRef = 20CF540D2BEABE3200232428 /* dt-guitar-chorus2.mp3 */; };
		20CF54322BEABE3400232428 /* dt-keys-chorus2.mp3 in Resources */ = {isa = PBXBuildFile; fileRef = 20CF540E2BEABE3200232428 /* dt-keys-chorus2.mp3 */; };
		20CF54332BEABE3400232428 /* dt-bass-intro.mp3 in Resources */ = {isa = PBXBuildFile; fileRef = 20CF54102BEABE3300232428 /* dt-bass-intro.mp3 */; };
		20CF54342BEABE3400232428 /* dt-drums-intro.mp3 in Resources */ = {isa = PBXBuildFile; fileRef = 20CF54112BEABE3300232428 /* dt-drums-intro.mp3 */; };
		20CF54352BEABE3400232428 /* dt-full-intro.mp3 in Resources */ = {isa = PBXBuildFile; fileRef = 20CF54122BEABE3300232428 /* dt-full-intro.mp3 */; };
		20CF54362BEABE3400232428 /* dt-guitar-intro.mp3 in Resources */ = {isa = PBXBuildFile; fileRef = 20CF54132BEABE3300232428 /* dt-guitar-intro.mp3 */; };
		20CF54372BEABE3400232428 /* dt-keys-intro.mp3 in Resources */ = {isa = PBXBuildFile; fileRef = 20CF54142BEABE3300232428 /* dt-keys-intro.mp3 */; };
		20CF54382BEABE3400232428 /* dt-bass-verse1.mp3 in Resources */ = {isa = PBXBuildFile; fileRef = 20CF54162BEABE3300232428 /* dt-bass-verse1.mp3 */; };
		20CF54392BEABE3400232428 /* dt-drums-verse1.mp3 in Resources */ = {isa = PBXBuildFile; fileRef = 20CF54172BEABE3300232428 /* dt-drums-verse1.mp3 */; };
		20CF543A2BEABE3400232428 /* dt-full-verse1.mp3 in Resources */ = {isa = PBXBuildFile; fileRef = 20CF54182BEABE3300232428 /* dt-full-verse1.mp3 */; };
		20CF543B2BEABE3400232428 /* dt-guitar-verse1.mp3 in Resources */ = {isa = PBXBuildFile; fileRef = 20CF54192BEABE3300232428 /* dt-guitar-verse1.mp3 */; };
		20CF543C2BEABE3400232428 /* dt-keys-verse1.mp3 in Resources */ = {isa = PBXBuildFile; fileRef = 20CF541A2BEABE3300232428 /* dt-keys-verse1.mp3 */; };
		20CF543D2BEABE3400232428 /* dt-bass-chorus3.mp3 in Resources */ = {isa = PBXBuildFile; fileRef = 20CF541C2BEABE3300232428 /* dt-bass-chorus3.mp3 */; };
		20CF543E2BEABE3400232428 /* dt-drums-chorus3.mp3 in Resources */ = {isa = PBXBuildFile; fileRef = 20CF541D2BEABE3300232428 /* dt-drums-chorus3.mp3 */; };
		20CF543F2BEABE3400232428 /* dt-full-chorus3.mp3 in Resources */ = {isa = PBXBuildFile; fileRef = 20CF541E2BEABE3300232428 /* dt-full-chorus3.mp3 */; };
		20CF54402BEABE3400232428 /* dt-guitar-chorus3.mp3 in Resources */ = {isa = PBXBuildFile; fileRef = 20CF541F2BEABE3300232428 /* dt-guitar-chorus3.mp3 */; };
		20CF54412BEABE3400232428 /* dt-keys-chorus3.mp3 in Resources */ = {isa = PBXBuildFile; fileRef = 20CF54202BEABE3300232428 /* dt-keys-chorus3.mp3 */; };
		20CF54422BEABE3400232428 /* dt-bass-bridge.mp3 in Resources */ = {isa = PBXBuildFile; fileRef = 20CF54222BEABE3300232428 /* dt-bass-bridge.mp3 */; };
		20CF54432BEABE3400232428 /* dt-drums-bridge.mp3 in Resources */ = {isa = PBXBuildFile; fileRef = 20CF54232BEABE3300232428 /* dt-drums-bridge.mp3 */; };
		20CF54442BEABE3400232428 /* dt-full-bridge.mp3 in Resources */ = {isa = PBXBuildFile; fileRef = 20CF54242BEABE3300232428 /* dt-full-bridge.mp3 */; };
		20CF54452BEABE3400232428 /* dt-guitar-bridge.mp3 in Resources */ = {isa = PBXBuildFile; fileRef = 20CF54252BEABE3300232428 /* dt-guitar-bridge.mp3 */; };
		20CF54462BEABE3400232428 /* dt-keys-bridge.mp3 in Resources */ = {isa = PBXBuildFile; fileRef = 20CF54262BEABE3300232428 /* dt-keys-bridge.mp3 */; };
		20CF54472BEABE3400232428 /* dt-bass-chorus1.mp3 in Resources */ = {isa = PBXBuildFile; fileRef = 20CF54282BEABE3400232428 /* dt-bass-chorus1.mp3 */; };
		20CF54482BEABE3400232428 /* dt-drums-chorus1.mp3 in Resources */ = {isa = PBXBuildFile; fileRef = 20CF54292BEABE3400232428 /* dt-drums-chorus1.mp3 */; };
		20CF54492BEABE3400232428 /* dt-full-chorus1.mp3 in Resources */ = {isa = PBXBuildFile; fileRef = 20CF542A2BEABE3400232428 /* dt-full-chorus1.mp3 */; };
		20CF544A2BEABE3400232428 /* dt-guitar-chorus1.mp3 in Resources */ = {isa = PBXBuildFile; fileRef = 20CF542B2BEABE3400232428 /* dt-guitar-chorus1.mp3 */; };
		20CF544B2BEABE3400232428 /* dt-keys-chorus1.mp3 in Resources */ = {isa = PBXBuildFile; fileRef = 20CF542C2BEABE3400232428 /* dt-keys-chorus1.mp3 */; };
		20CF544E2BEABF1700232428 /* SongSelectionView.swift in Sources */ = {isa = PBXBuildFile; fileRef = 20CF544D2BEABF1700232428 /* SongSelectionView.swift */; };
		20CF54502BEAC02A00232428 /* SongCard.swift in Sources */ = {isa = PBXBuildFile; fileRef = 20CF544F2BEAC02A00232428 /* SongCard.swift */; };
		20CF54532BEAC90D00232428 /* fender_stratocaster.usdz in Resources */ = {isa = PBXBuildFile; fileRef = 20CF54522BEAC90D00232428 /* fender_stratocaster.usdz */; };
		20CF54572BEACAA000232428 /* BandImmersiveView.swift in Sources */ = {isa = PBXBuildFile; fileRef = 20CF54562BEACAA000232428 /* BandImmersiveView.swift */; };
/* End PBXBuildFile section */

/* Begin PBXFileReference section */
		20CF53C72BEAB9E800232428 /* all-notes-matter-visionOS.app */ = {isa = PBXFileReference; explicitFileType = wrapper.application; includeInIndex = 0; path = "all-notes-matter-visionOS.app"; sourceTree = BUILT_PRODUCTS_DIR; };
		20CF53CB2BEAB9E800232428 /* RealityKitContent */ = {isa = PBXFileReference; lastKnownFileType = wrapper; path = RealityKitContent; sourceTree = "<group>"; };
		20CF53CE2BEAB9E800232428 /* all_notes_matter_visionOSApp.swift */ = {isa = PBXFileReference; lastKnownFileType = sourcecode.swift; path = all_notes_matter_visionOSApp.swift; sourceTree = "<group>"; };
		20CF53D02BEAB9E800232428 /* ContentView.swift */ = {isa = PBXFileReference; lastKnownFileType = sourcecode.swift; path = ContentView.swift; sourceTree = "<group>"; };
		20CF53D22BEAB9E800232428 /* ImmersiveView.swift */ = {isa = PBXFileReference; lastKnownFileType = sourcecode.swift; path = ImmersiveView.swift; sourceTree = "<group>"; };
		20CF53D42BEAB9EA00232428 /* Assets.xcassets */ = {isa = PBXFileReference; lastKnownFileType = folder.assetcatalog; path = Assets.xcassets; sourceTree = "<group>"; };
		20CF53D72BEAB9EA00232428 /* Preview Assets.xcassets */ = {isa = PBXFileReference; lastKnownFileType = folder.assetcatalog; path = "Preview Assets.xcassets"; sourceTree = "<group>"; };
		20CF53D92BEAB9EA00232428 /* Info.plist */ = {isa = PBXFileReference; lastKnownFileType = text.plist.xml; path = Info.plist; sourceTree = "<group>"; };
		20CF53E62BEABE0200232428 /* solos-drums.mp3 */ = {isa = PBXFileReference; lastKnownFileType = audio.mp3; path = "solos-drums.mp3"; sourceTree = "<group>"; };
		20CF53E72BEABE0200232428 /* solos-vocals.mp3 */ = {isa = PBXFileReference; lastKnownFileType = audio.mp3; path = "solos-vocals.mp3"; sourceTree = "<group>"; };
		20CF53E82BEABE0200232428 /* solos-bass.mp3 */ = {isa = PBXFileReference; lastKnownFileType = audio.mp3; path = "solos-bass.mp3"; sourceTree = "<group>"; };
		20CF53E92BEABE0200232428 /* solos-guitar.mp3 */ = {isa = PBXFileReference; lastKnownFileType = audio.mp3; path = "solos-guitar.mp3"; sourceTree = "<group>"; };
		20CF53EA2BEABE0300232428 /* solos-full.mp3 */ = {isa = PBXFileReference; lastKnownFileType = audio.mp3; path = "solos-full.mp3"; sourceTree = "<group>"; };
		20CF53EB2BEABE0300232428 /* solos-other.mp3 */ = {isa = PBXFileReference; lastKnownFileType = audio.mp3; path = "solos-other.mp3"; sourceTree = "<group>"; };
		20CF53F22BEABE0F00232428 /* theme1-full.mp3 */ = {isa = PBXFileReference; lastKnownFileType = audio.mp3; path = "theme1-full.mp3"; sourceTree = "<group>"; };
		20CF53F32BEABE0F00232428 /* theme1-bass.mp3 */ = {isa = PBXFileReference; lastKnownFileType = audio.mp3; path = "theme1-bass.mp3"; sourceTree = "<group>"; };
		20CF53F42BEABE0F00232428 /* theme1-other.mp3 */ = {isa = PBXFileReference; lastKnownFileType = audio.mp3; path = "theme1-other.mp3"; sourceTree = "<group>"; };
		20CF53F52BEABE1000232428 /* theme1-guitar.mp3 */ = {isa = PBXFileReference; lastKnownFileType = audio.mp3; path = "theme1-guitar.mp3"; sourceTree = "<group>"; };
		20CF53F62BEABE1000232428 /* theme1-drums.mp3 */ = {isa = PBXFileReference; lastKnownFileType = audio.mp3; path = "theme1-drums.mp3"; sourceTree = "<group>"; };
		20CF53F72BEABE1000232428 /* theme1-vocals.mp3 */ = {isa = PBXFileReference; lastKnownFileType = audio.mp3; path = "theme1-vocals.mp3"; sourceTree = "<group>"; };
		20CF53FE2BEABE1A00232428 /* theme2-guitar.mp3 */ = {isa = PBXFileReference; lastKnownFileType = audio.mp3; path = "theme2-guitar.mp3"; sourceTree = "<group>"; };
		20CF53FF2BEABE1A00232428 /* theme2-other.mp3 */ = {isa = PBXFileReference; lastKnownFileType = audio.mp3; path = "theme2-other.mp3"; sourceTree = "<group>"; };
		20CF54002BEABE1A00232428 /* theme2-vocals.mp3 */ = {isa = PBXFileReference; lastKnownFileType = audio.mp3; path = "theme2-vocals.mp3"; sourceTree = "<group>"; };
		20CF54012BEABE1B00232428 /* theme2-bass.mp3 */ = {isa = PBXFileReference; lastKnownFileType = audio.mp3; path = "theme2-bass.mp3"; sourceTree = "<group>"; };
		20CF54022BEABE1B00232428 /* theme2-drums.mp3 */ = {isa = PBXFileReference; lastKnownFileType = audio.mp3; path = "theme2-drums.mp3"; sourceTree = "<group>"; };
		20CF54032BEABE1B00232428 /* theme2-full.mp3 */ = {isa = PBXFileReference; lastKnownFileType = audio.mp3; path = "theme2-full.mp3"; sourceTree = "<group>"; };
		20CF540A2BEABE3200232428 /* dt-bass-chorus2.mp3 */ = {isa = PBXFileReference; lastKnownFileType = audio.mp3; path = "dt-bass-chorus2.mp3"; sourceTree = "<group>"; };
		20CF540B2BEABE3200232428 /* dt-drums-chorus2.mp3 */ = {isa = PBXFileReference; lastKnownFileType = audio.mp3; path = "dt-drums-chorus2.mp3"; sourceTree = "<group>"; };
		20CF540C2BEABE3200232428 /* dt-full-chorus2.mp3 */ = {isa = PBXFileReference; lastKnownFileType = audio.mp3; path = "dt-full-chorus2.mp3"; sourceTree = "<group>"; };
		20CF540D2BEABE3200232428 /* dt-guitar-chorus2.mp3 */ = {isa = PBXFileReference; lastKnownFileType = audio.mp3; path = "dt-guitar-chorus2.mp3"; sourceTree = "<group>"; };
		20CF540E2BEABE3200232428 /* dt-keys-chorus2.mp3 */ = {isa = PBXFileReference; lastKnownFileType = audio.mp3; path = "dt-keys-chorus2.mp3"; sourceTree = "<group>"; };
		20CF54102BEABE3300232428 /* dt-bass-intro.mp3 */ = {isa = PBXFileReference; lastKnownFileType = audio.mp3; path = "dt-bass-intro.mp3"; sourceTree = "<group>"; };
		20CF54112BEABE3300232428 /* dt-drums-intro.mp3 */ = {isa = PBXFileReference; lastKnownFileType = audio.mp3; path = "dt-drums-intro.mp3"; sourceTree = "<group>"; };
		20CF54122BEABE3300232428 /* dt-full-intro.mp3 */ = {isa = PBXFileReference; lastKnownFileType = audio.mp3; path = "dt-full-intro.mp3"; sourceTree = "<group>"; };
		20CF54132BEABE3300232428 /* dt-guitar-intro.mp3 */ = {isa = PBXFileReference; lastKnownFileType = audio.mp3; path = "dt-guitar-intro.mp3"; sourceTree = "<group>"; };
		20CF54142BEABE3300232428 /* dt-keys-intro.mp3 */ = {isa = PBXFileReference; lastKnownFileType = audio.mp3; path = "dt-keys-intro.mp3"; sourceTree = "<group>"; };
		20CF54162BEABE3300232428 /* dt-bass-verse1.mp3 */ = {isa = PBXFileReference; lastKnownFileType = audio.mp3; path = "dt-bass-verse1.mp3"; sourceTree = "<group>"; };
		20CF54172BEABE3300232428 /* dt-drums-verse1.mp3 */ = {isa = PBXFileReference; lastKnownFileType = audio.mp3; path = "dt-drums-verse1.mp3"; sourceTree = "<group>"; };
		20CF54182BEABE3300232428 /* dt-full-verse1.mp3 */ = {isa = PBXFileReference; lastKnownFileType = audio.mp3; path = "dt-full-verse1.mp3"; sourceTree = "<group>"; };
		20CF54192BEABE3300232428 /* dt-guitar-verse1.mp3 */ = {isa = PBXFileReference; lastKnownFileType = audio.mp3; path = "dt-guitar-verse1.mp3"; sourceTree = "<group>"; };
		20CF541A2BEABE3300232428 /* dt-keys-verse1.mp3 */ = {isa = PBXFileReference; lastKnownFileType = audio.mp3; path = "dt-keys-verse1.mp3"; sourceTree = "<group>"; };
		20CF541C2BEABE3300232428 /* dt-bass-chorus3.mp3 */ = {isa = PBXFileReference; lastKnownFileType = audio.mp3; path = "dt-bass-chorus3.mp3"; sourceTree = "<group>"; };
		20CF541D2BEABE3300232428 /* dt-drums-chorus3.mp3 */ = {isa = PBXFileReference; lastKnownFileType = audio.mp3; path = "dt-drums-chorus3.mp3"; sourceTree = "<group>"; };
		20CF541E2BEABE3300232428 /* dt-full-chorus3.mp3 */ = {isa = PBXFileReference; lastKnownFileType = audio.mp3; path = "dt-full-chorus3.mp3"; sourceTree = "<group>"; };
		20CF541F2BEABE3300232428 /* dt-guitar-chorus3.mp3 */ = {isa = PBXFileReference; lastKnownFileType = audio.mp3; path = "dt-guitar-chorus3.mp3"; sourceTree = "<group>"; };
		20CF54202BEABE3300232428 /* dt-keys-chorus3.mp3 */ = {isa = PBXFileReference; lastKnownFileType = audio.mp3; path = "dt-keys-chorus3.mp3"; sourceTree = "<group>"; };
		20CF54222BEABE3300232428 /* dt-bass-bridge.mp3 */ = {isa = PBXFileReference; lastKnownFileType = audio.mp3; path = "dt-bass-bridge.mp3"; sourceTree = "<group>"; };
		20CF54232BEABE3300232428 /* dt-drums-bridge.mp3 */ = {isa = PBXFileReference; lastKnownFileType = audio.mp3; path = "dt-drums-bridge.mp3"; sourceTree = "<group>"; };
		20CF54242BEABE3300232428 /* dt-full-bridge.mp3 */ = {isa = PBXFileReference; lastKnownFileType = audio.mp3; path = "dt-full-bridge.mp3"; sourceTree = "<group>"; };
		20CF54252BEABE3300232428 /* dt-guitar-bridge.mp3 */ = {isa = PBXFileReference; lastKnownFileType = audio.mp3; path = "dt-guitar-bridge.mp3"; sourceTree = "<group>"; };
		20CF54262BEABE3300232428 /* dt-keys-bridge.mp3 */ = {isa = PBXFileReference; lastKnownFileType = audio.mp3; path = "dt-keys-bridge.mp3"; sourceTree = "<group>"; };
		20CF54282BEABE3400232428 /* dt-bass-chorus1.mp3 */ = {isa = PBXFileReference; lastKnownFileType = audio.mp3; path = "dt-bass-chorus1.mp3"; sourceTree = "<group>"; };
		20CF54292BEABE3400232428 /* dt-drums-chorus1.mp3 */ = {isa = PBXFileReference; lastKnownFileType = audio.mp3; path = "dt-drums-chorus1.mp3"; sourceTree = "<group>"; };
		20CF542A2BEABE3400232428 /* dt-full-chorus1.mp3 */ = {isa = PBXFileReference; lastKnownFileType = audio.mp3; path = "dt-full-chorus1.mp3"; sourceTree = "<group>"; };
		20CF542B2BEABE3400232428 /* dt-guitar-chorus1.mp3 */ = {isa = PBXFileReference; lastKnownFileType = audio.mp3; path = "dt-guitar-chorus1.mp3"; sourceTree = "<group>"; };
		20CF542C2BEABE3400232428 /* dt-keys-chorus1.mp3 */ = {isa = PBXFileReference; lastKnownFileType = audio.mp3; path = "dt-keys-chorus1.mp3"; sourceTree = "<group>"; };
		20CF544D2BEABF1700232428 /* SongSelectionView.swift */ = {isa = PBXFileReference; lastKnownFileType = sourcecode.swift; path = SongSelectionView.swift; sourceTree = "<group>"; };
		20CF544F2BEAC02A00232428 /* SongCard.swift */ = {isa = PBXFileReference; lastKnownFileType = sourcecode.swift; path = SongCard.swift; sourceTree = "<group>"; };
		20CF54522BEAC90D00232428 /* fender_stratocaster.usdz */ = {isa = PBXFileReference; lastKnownFileType = file.usdz; path = fender_stratocaster.usdz; sourceTree = "<group>"; };
		20CF54562BEACAA000232428 /* BandImmersiveView.swift */ = {isa = PBXFileReference; lastKnownFileType = sourcecode.swift; path = BandImmersiveView.swift; sourceTree = "<group>"; };
/* End PBXFileReference section */

/* Begin PBXFrameworksBuildPhase section */
		20CF53C42BEAB9E800232428 /* Frameworks */ = {
			isa = PBXFrameworksBuildPhase;
			buildActionMask = 2147483647;
			files = (
				20CF53CD2BEAB9E800232428 /* RealityKitContent in Frameworks */,
			);
			runOnlyForDeploymentPostprocessing = 0;
		};
/* End PBXFrameworksBuildPhase section */

/* Begin PBXGroup section */
		20CF53BE2BEAB9E800232428 = {
			isa = PBXGroup;
			children = (
				20CF54512BEAC8F600232428 /* 3DModel */,
				20CF53DF2BEABD9A00232428 /* audioSrc */,
				20CF53C92BEAB9E800232428 /* all-notes-matter-visionOS */,
				20CF53CA2BEAB9E800232428 /* Packages */,
				20CF53C82BEAB9E800232428 /* Products */,
			);
			sourceTree = "<group>";
		};
		20CF53C82BEAB9E800232428 /* Products */ = {
			isa = PBXGroup;
			children = (
				20CF53C72BEAB9E800232428 /* all-notes-matter-visionOS.app */,
			);
			name = Products;
			sourceTree = "<group>";
		};
		20CF53C92BEAB9E800232428 /* all-notes-matter-visionOS */ = {
			isa = PBXGroup;
			children = (
				20CF544C2BEABEFC00232428 /* View */,
				20CF53CE2BEAB9E800232428 /* all_notes_matter_visionOSApp.swift */,
				20CF53D02BEAB9E800232428 /* ContentView.swift */,
				20CF53D22BEAB9E800232428 /* ImmersiveView.swift */,
				20CF53D42BEAB9EA00232428 /* Assets.xcassets */,
				20CF53D92BEAB9EA00232428 /* Info.plist */,
				20CF53D62BEAB9EA00232428 /* Preview Content */,
			);
			path = "all-notes-matter-visionOS";
			sourceTree = "<group>";
		};
		20CF53CA2BEAB9E800232428 /* Packages */ = {
			isa = PBXGroup;
			children = (
				20CF53CB2BEAB9E800232428 /* RealityKitContent */,
			);
			path = Packages;
			sourceTree = "<group>";
		};
		20CF53D62BEAB9EA00232428 /* Preview Content */ = {
			isa = PBXGroup;
			children = (
				20CF53D72BEAB9EA00232428 /* Preview Assets.xcassets */,
			);
			path = "Preview Content";
			sourceTree = "<group>";
		};
		20CF53DF2BEABD9A00232428 /* audioSrc */ = {
			isa = PBXGroup;
			children = (
				20CF53E22BEABDD200232428 /* dean-town */,
				20CF53E12BEABDCC00232428 /* spain */,
			);
			path = audioSrc;
			sourceTree = "<group>";
		};
		20CF53E12BEABDCC00232428 /* spain */ = {
			isa = PBXGroup;
			children = (
				20CF53E52BEABDEE00232428 /* theme2 */,
				20CF53E42BEABDE900232428 /* solo */,
				20CF53E32BEABDE200232428 /* theme1 */,
			);
			path = spain;
			sourceTree = "<group>";
		};
		20CF53E22BEABDD200232428 /* dean-town */ = {
			isa = PBXGroup;
			children = (
				20CF54272BEABE3300232428 /* bridge */,
				20CF542D2BEABE3400232428 /* chorus1 */,
				20CF540F2BEABE3200232428 /* chorus2 */,
				20CF54212BEABE3300232428 /* chorus3 */,
				20CF54152BEABE3300232428 /* intro */,
				20CF541B2BEABE3300232428 /* verse1 */,
			);
			path = "dean-town";
			sourceTree = "<group>";
		};
		20CF53E32BEABDE200232428 /* theme1 */ = {
			isa = PBXGroup;
			children = (
				20CF53F32BEABE0F00232428 /* theme1-bass.mp3 */,
				20CF53F62BEABE1000232428 /* theme1-drums.mp3 */,
				20CF53F22BEABE0F00232428 /* theme1-full.mp3 */,
				20CF53F52BEABE1000232428 /* theme1-guitar.mp3 */,
				20CF53F42BEABE0F00232428 /* theme1-other.mp3 */,
				20CF53F72BEABE1000232428 /* theme1-vocals.mp3 */,
			);
			path = theme1;
			sourceTree = "<group>";
		};
		20CF53E42BEABDE900232428 /* solo */ = {
			isa = PBXGroup;
			children = (
				20CF53E82BEABE0200232428 /* solos-bass.mp3 */,
				20CF53E62BEABE0200232428 /* solos-drums.mp3 */,
				20CF53EA2BEABE0300232428 /* solos-full.mp3 */,
				20CF53E92BEABE0200232428 /* solos-guitar.mp3 */,
				20CF53EB2BEABE0300232428 /* solos-other.mp3 */,
				20CF53E72BEABE0200232428 /* solos-vocals.mp3 */,
			);
			path = solo;
			sourceTree = "<group>";
		};
		20CF53E52BEABDEE00232428 /* theme2 */ = {
			isa = PBXGroup;
			children = (
				20CF54012BEABE1B00232428 /* theme2-bass.mp3 */,
				20CF54022BEABE1B00232428 /* theme2-drums.mp3 */,
				20CF54032BEABE1B00232428 /* theme2-full.mp3 */,
				20CF53FE2BEABE1A00232428 /* theme2-guitar.mp3 */,
				20CF53FF2BEABE1A00232428 /* theme2-other.mp3 */,
				20CF54002BEABE1A00232428 /* theme2-vocals.mp3 */,
			);
			path = theme2;
			sourceTree = "<group>";
		};
		20CF540F2BEABE3200232428 /* chorus2 */ = {
			isa = PBXGroup;
			children = (
				20CF540A2BEABE3200232428 /* dt-bass-chorus2.mp3 */,
				20CF540B2BEABE3200232428 /* dt-drums-chorus2.mp3 */,
				20CF540C2BEABE3200232428 /* dt-full-chorus2.mp3 */,
				20CF540D2BEABE3200232428 /* dt-guitar-chorus2.mp3 */,
				20CF540E2BEABE3200232428 /* dt-keys-chorus2.mp3 */,
			);
			path = chorus2;
			sourceTree = "<group>";
		};
		20CF54152BEABE3300232428 /* intro */ = {
			isa = PBXGroup;
			children = (
				20CF54102BEABE3300232428 /* dt-bass-intro.mp3 */,
				20CF54112BEABE3300232428 /* dt-drums-intro.mp3 */,
				20CF54122BEABE3300232428 /* dt-full-intro.mp3 */,
				20CF54132BEABE3300232428 /* dt-guitar-intro.mp3 */,
				20CF54142BEABE3300232428 /* dt-keys-intro.mp3 */,
			);
			path = intro;
			sourceTree = "<group>";
		};
		20CF541B2BEABE3300232428 /* verse1 */ = {
			isa = PBXGroup;
			children = (
				20CF54162BEABE3300232428 /* dt-bass-verse1.mp3 */,
				20CF54172BEABE3300232428 /* dt-drums-verse1.mp3 */,
				20CF54182BEABE3300232428 /* dt-full-verse1.mp3 */,
				20CF54192BEABE3300232428 /* dt-guitar-verse1.mp3 */,
				20CF541A2BEABE3300232428 /* dt-keys-verse1.mp3 */,
			);
			path = verse1;
			sourceTree = "<group>";
		};
		20CF54212BEABE3300232428 /* chorus3 */ = {
			isa = PBXGroup;
			children = (
				20CF541C2BEABE3300232428 /* dt-bass-chorus3.mp3 */,
				20CF541D2BEABE3300232428 /* dt-drums-chorus3.mp3 */,
				20CF541E2BEABE3300232428 /* dt-full-chorus3.mp3 */,
				20CF541F2BEABE3300232428 /* dt-guitar-chorus3.mp3 */,
				20CF54202BEABE3300232428 /* dt-keys-chorus3.mp3 */,
			);
			path = chorus3;
			sourceTree = "<group>";
		};
		20CF54272BEABE3300232428 /* bridge */ = {
			isa = PBXGroup;
			children = (
				20CF54222BEABE3300232428 /* dt-bass-bridge.mp3 */,
				20CF54232BEABE3300232428 /* dt-drums-bridge.mp3 */,
				20CF54242BEABE3300232428 /* dt-full-bridge.mp3 */,
				20CF54252BEABE3300232428 /* dt-guitar-bridge.mp3 */,
				20CF54262BEABE3300232428 /* dt-keys-bridge.mp3 */,
			);
			path = bridge;
			sourceTree = "<group>";
		};
		20CF542D2BEABE3400232428 /* chorus1 */ = {
			isa = PBXGroup;
			children = (
				20CF54282BEABE3400232428 /* dt-bass-chorus1.mp3 */,
				20CF54292BEABE3400232428 /* dt-drums-chorus1.mp3 */,
				20CF542A2BEABE3400232428 /* dt-full-chorus1.mp3 */,
				20CF542B2BEABE3400232428 /* dt-guitar-chorus1.mp3 */,
				20CF542C2BEABE3400232428 /* dt-keys-chorus1.mp3 */,
			);
			path = chorus1;
			sourceTree = "<group>";
		};
		20CF544C2BEABEFC00232428 /* View */ = {
			isa = PBXGroup;
			children = (
				20CF544D2BEABF1700232428 /* SongSelectionView.swift */,
				20CF544F2BEAC02A00232428 /* SongCard.swift */,
				20CF54562BEACAA000232428 /* BandImmersiveView.swift */,
			);
			path = View;
			sourceTree = "<group>";
		};
		20CF54512BEAC8F600232428 /* 3DModel */ = {
			isa = PBXGroup;
			children = (
				20CF54522BEAC90D00232428 /* fender_stratocaster.usdz */,
			);
			path = 3DModel;
			sourceTree = "<group>";
		};
/* End PBXGroup section */

/* Begin PBXNativeTarget section */
		20CF53C62BEAB9E800232428 /* all-notes-matter-visionOS */ = {
			isa = PBXNativeTarget;
			buildConfigurationList = 20CF53DC2BEAB9EA00232428 /* Build configuration list for PBXNativeTarget "all-notes-matter-visionOS" */;
			buildPhases = (
				20CF53C32BEAB9E800232428 /* Sources */,
				20CF53C42BEAB9E800232428 /* Frameworks */,
				20CF53C52BEAB9E800232428 /* Resources */,
			);
			buildRules = (
			);
			dependencies = (
			);
			name = "all-notes-matter-visionOS";
			packageProductDependencies = (
				20CF53CC2BEAB9E800232428 /* RealityKitContent */,
			);
			productName = "all-notes-matter-visionOS";
			productReference = 20CF53C72BEAB9E800232428 /* all-notes-matter-visionOS.app */;
			productType = "com.apple.product-type.application";
		};
/* End PBXNativeTarget section */

/* Begin PBXProject section */
		20CF53BF2BEAB9E800232428 /* Project object */ = {
			isa = PBXProject;
			attributes = {
				BuildIndependentTargetsInParallel = 1;
				LastSwiftUpdateCheck = 1530;
				LastUpgradeCheck = 1530;
				TargetAttributes = {
					20CF53C62BEAB9E800232428 = {
						CreatedOnToolsVersion = 15.3;
					};
				};
			};
			buildConfigurationList = 20CF53C22BEAB9E800232428 /* Build configuration list for PBXProject "all-notes-matter-visionOS" */;
			compatibilityVersion = "Xcode 14.0";
			developmentRegion = en;
			hasScannedForEncodings = 0;
			knownRegions = (
				en,
				Base,
			);
			mainGroup = 20CF53BE2BEAB9E800232428;
			productRefGroup = 20CF53C82BEAB9E800232428 /* Products */;
			projectDirPath = "";
			projectRoot = "";
			targets = (
				20CF53C62BEAB9E800232428 /* all-notes-matter-visionOS */,
			);
		};
/* End PBXProject section */

/* Begin PBXResourcesBuildPhase section */
		20CF53C52BEAB9E800232428 /* Resources */ = {
			isa = PBXResourcesBuildPhase;
			buildActionMask = 2147483647;
			files = (
				20CF54422BEABE3400232428 /* dt-bass-bridge.mp3 in Resources */,
				20CF54442BEABE3400232428 /* dt-full-bridge.mp3 in Resources */,
				20CF54532BEAC90D00232428 /* fender_stratocaster.usdz in Resources */,
				20CF54432BEABE3400232428 /* dt-drums-bridge.mp3 in Resources */,
				20CF53D82BEAB9EA00232428 /* Preview Assets.xcassets in Resources */,
				20CF53D52BEAB9EA00232428 /* Assets.xcassets in Resources */,
				20CF54452BEABE3400232428 /* dt-guitar-bridge.mp3 in Resources */,
				20CF54402BEABE3400232428 /* dt-guitar-chorus3.mp3 in Resources */,
				20CF54332BEABE3400232428 /* dt-bass-intro.mp3 in Resources */,
				20CF543C2BEABE3400232428 /* dt-keys-verse1.mp3 in Resources */,
				20CF54052BEABE1B00232428 /* theme2-other.mp3 in Resources */,
				20CF54482BEABE3400232428 /* dt-drums-chorus1.mp3 in Resources */,
				20CF54492BEABE3400232428 /* dt-full-chorus1.mp3 in Resources */,
				20CF54392BEABE3400232428 /* dt-drums-verse1.mp3 in Resources */,
				20CF53EC2BEABE0300232428 /* solos-drums.mp3 in Resources */,
				20CF54462BEABE3400232428 /* dt-keys-bridge.mp3 in Resources */,
				20CF54472BEABE3400232428 /* dt-bass-chorus1.mp3 in Resources */,
				20CF53F92BEABE1000232428 /* theme1-bass.mp3 in Resources */,
				20CF543E2BEABE3400232428 /* dt-drums-chorus3.mp3 in Resources */,
				20CF53FB2BEABE1000232428 /* theme1-guitar.mp3 in Resources */,
				20CF53F02BEABE0300232428 /* solos-full.mp3 in Resources */,
				20CF54352BEABE3400232428 /* dt-full-intro.mp3 in Resources */,
				20CF543D2BEABE3400232428 /* dt-bass-chorus3.mp3 in Resources */,
				20CF54302BEABE3400232428 /* dt-full-chorus2.mp3 in Resources */,
				20CF53FD2BEABE1000232428 /* theme1-vocals.mp3 in Resources */,
				20CF54362BEABE3400232428 /* dt-guitar-intro.mp3 in Resources */,
				20CF53FC2BEABE1000232428 /* theme1-drums.mp3 in Resources */,
				20CF543B2BEABE3400232428 /* dt-guitar-verse1.mp3 in Resources */,
				20CF542F2BEABE3400232428 /* dt-drums-chorus2.mp3 in Resources */,
				20CF543F2BEABE3400232428 /* dt-full-chorus3.mp3 in Resources */,
				20CF53F12BEABE0300232428 /* solos-other.mp3 in Resources */,
				20CF544B2BEABE3400232428 /* dt-keys-chorus1.mp3 in Resources */,
				20CF543A2BEABE3400232428 /* dt-full-verse1.mp3 in Resources */,
				20CF54092BEABE1B00232428 /* theme2-full.mp3 in Resources */,
				20CF54062BEABE1B00232428 /* theme2-vocals.mp3 in Resources */,
				20CF53FA2BEABE1000232428 /* theme1-other.mp3 in Resources */,
				20CF54342BEABE3400232428 /* dt-drums-intro.mp3 in Resources */,
				20CF53EF2BEABE0300232428 /* solos-guitar.mp3 in Resources */,
				20CF542E2BEABE3400232428 /* dt-bass-chorus2.mp3 in Resources */,
				20CF53ED2BEABE0300232428 /* solos-vocals.mp3 in Resources */,
				20CF54072BEABE1B00232428 /* theme2-bass.mp3 in Resources */,
				20CF54372BEABE3400232428 /* dt-keys-intro.mp3 in Resources */,
				20CF54322BEABE3400232428 /* dt-keys-chorus2.mp3 in Resources */,
				20CF53F82BEABE1000232428 /* theme1-full.mp3 in Resources */,
				20CF54382BEABE3400232428 /* dt-bass-verse1.mp3 in Resources */,
				20CF544A2BEABE3400232428 /* dt-guitar-chorus1.mp3 in Resources */,
				20CF54042BEABE1B00232428 /* theme2-guitar.mp3 in Resources */,
				20CF53EE2BEABE0300232428 /* solos-bass.mp3 in Resources */,
				20CF54082BEABE1B00232428 /* theme2-drums.mp3 in Resources */,
				20CF54412BEABE3400232428 /* dt-keys-chorus3.mp3 in Resources */,
				20CF54312BEABE3400232428 /* dt-guitar-chorus2.mp3 in Resources */,
			);
			runOnlyForDeploymentPostprocessing = 0;
		};
/* End PBXResourcesBuildPhase section */

/* Begin PBXSourcesBuildPhase section */
		20CF53C32BEAB9E800232428 /* Sources */ = {
			isa = PBXSourcesBuildPhase;
			buildActionMask = 2147483647;
			files = (
				20CF53D12BEAB9E800232428 /* ContentView.swift in Sources */,
				20CF54572BEACAA000232428 /* BandImmersiveView.swift in Sources */,
				20CF53CF2BEAB9E800232428 /* all_notes_matter_visionOSApp.swift in Sources */,
				20CF544E2BEABF1700232428 /* SongSelectionView.swift in Sources */,
				20CF54502BEAC02A00232428 /* SongCard.swift in Sources */,
				20CF53D32BEAB9E800232428 /* ImmersiveView.swift in Sources */,
			);
			runOnlyForDeploymentPostprocessing = 0;
		};
/* End PBXSourcesBuildPhase section */

/* Begin XCBuildConfiguration section */
		20CF53DA2BEAB9EA00232428 /* Debug */ = {
			isa = XCBuildConfiguration;
			buildSettings = {
				ALWAYS_SEARCH_USER_PATHS = NO;
				ASSETCATALOG_COMPILER_GENERATE_SWIFT_ASSET_SYMBOL_EXTENSIONS = YES;
				CLANG_ANALYZER_NONNULL = YES;
				CLANG_ANALYZER_NUMBER_OBJECT_CONVERSION = YES_AGGRESSIVE;
				CLANG_CXX_LANGUAGE_STANDARD = "gnu++20";
				CLANG_ENABLE_MODULES = YES;
				CLANG_ENABLE_OBJC_ARC = YES;
				CLANG_ENABLE_OBJC_WEAK = YES;
				CLANG_WARN_BLOCK_CAPTURE_AUTORELEASING = YES;
				CLANG_WARN_BOOL_CONVERSION = YES;
				CLANG_WARN_COMMA = YES;
				CLANG_WARN_CONSTANT_CONVERSION = YES;
				CLANG_WARN_DEPRECATED_OBJC_IMPLEMENTATIONS = YES;
				CLANG_WARN_DIRECT_OBJC_ISA_USAGE = YES_ERROR;
				CLANG_WARN_DOCUMENTATION_COMMENTS = YES;
				CLANG_WARN_EMPTY_BODY = YES;
				CLANG_WARN_ENUM_CONVERSION = YES;
				CLANG_WARN_INFINITE_RECURSION = YES;
				CLANG_WARN_INT_CONVERSION = YES;
				CLANG_WARN_NON_LITERAL_NULL_CONVERSION = YES;
				CLANG_WARN_OBJC_IMPLICIT_RETAIN_SELF = YES;
				CLANG_WARN_OBJC_LITERAL_CONVERSION = YES;
				CLANG_WARN_OBJC_ROOT_CLASS = YES_ERROR;
				CLANG_WARN_QUOTED_INCLUDE_IN_FRAMEWORK_HEADER = YES;
				CLANG_WARN_RANGE_LOOP_ANALYSIS = YES;
				CLANG_WARN_STRICT_PROTOTYPES = YES;
				CLANG_WARN_SUSPICIOUS_MOVE = YES;
				CLANG_WARN_UNGUARDED_AVAILABILITY = YES_AGGRESSIVE;
				CLANG_WARN_UNREACHABLE_CODE = YES;
				CLANG_WARN__DUPLICATE_METHOD_MATCH = YES;
				COPY_PHASE_STRIP = NO;
				DEBUG_INFORMATION_FORMAT = dwarf;
				ENABLE_STRICT_OBJC_MSGSEND = YES;
				ENABLE_TESTABILITY = YES;
				ENABLE_USER_SCRIPT_SANDBOXING = YES;
				GCC_C_LANGUAGE_STANDARD = gnu17;
				GCC_DYNAMIC_NO_PIC = NO;
				GCC_NO_COMMON_BLOCKS = YES;
				GCC_OPTIMIZATION_LEVEL = 0;
				GCC_PREPROCESSOR_DEFINITIONS = (
					"DEBUG=1",
					"$(inherited)",
				);
				GCC_WARN_64_TO_32_BIT_CONVERSION = YES;
				GCC_WARN_ABOUT_RETURN_TYPE = YES_ERROR;
				GCC_WARN_UNDECLARED_SELECTOR = YES;
				GCC_WARN_UNINITIALIZED_AUTOS = YES_AGGRESSIVE;
				GCC_WARN_UNUSED_FUNCTION = YES;
				GCC_WARN_UNUSED_VARIABLE = YES;
				LOCALIZATION_PREFERS_STRING_CATALOGS = YES;
				MTL_ENABLE_DEBUG_INFO = INCLUDE_SOURCE;
				MTL_FAST_MATH = YES;
				ONLY_ACTIVE_ARCH = YES;
				SDKROOT = xros;
				SWIFT_ACTIVE_COMPILATION_CONDITIONS = "DEBUG $(inherited)";
				SWIFT_OPTIMIZATION_LEVEL = "-Onone";
				XROS_DEPLOYMENT_TARGET = 1.1;
			};
			name = Debug;
		};
		20CF53DB2BEAB9EA00232428 /* Release */ = {
			isa = XCBuildConfiguration;
			buildSettings = {
				ALWAYS_SEARCH_USER_PATHS = NO;
				ASSETCATALOG_COMPILER_GENERATE_SWIFT_ASSET_SYMBOL_EXTENSIONS = YES;
				CLANG_ANALYZER_NONNULL = YES;
				CLANG_ANALYZER_NUMBER_OBJECT_CONVERSION = YES_AGGRESSIVE;
				CLANG_CXX_LANGUAGE_STANDARD = "gnu++20";
				CLANG_ENABLE_MODULES = YES;
				CLANG_ENABLE_OBJC_ARC = YES;
				CLANG_ENABLE_OBJC_WEAK = YES;
				CLANG_WARN_BLOCK_CAPTURE_AUTORELEASING = YES;
				CLANG_WARN_BOOL_CONVERSION = YES;
				CLANG_WARN_COMMA = YES;
				CLANG_WARN_CONSTANT_CONVERSION = YES;
				CLANG_WARN_DEPRECATED_OBJC_IMPLEMENTATIONS = YES;
				CLANG_WARN_DIRECT_OBJC_ISA_USAGE = YES_ERROR;
				CLANG_WARN_DOCUMENTATION_COMMENTS = YES;
				CLANG_WARN_EMPTY_BODY = YES;
				CLANG_WARN_ENUM_CONVERSION = YES;
				CLANG_WARN_INFINITE_RECURSION = YES;
				CLANG_WARN_INT_CONVERSION = YES;
				CLANG_WARN_NON_LITERAL_NULL_CONVERSION = YES;
				CLANG_WARN_OBJC_IMPLICIT_RETAIN_SELF = YES;
				CLANG_WARN_OBJC_LITERAL_CONVERSION = YES;
				CLANG_WARN_OBJC_ROOT_CLASS = YES_ERROR;
				CLANG_WARN_QUOTED_INCLUDE_IN_FRAMEWORK_HEADER = YES;
				CLANG_WARN_RANGE_LOOP_ANALYSIS = YES;
				CLANG_WARN_STRICT_PROTOTYPES = YES;
				CLANG_WARN_SUSPICIOUS_MOVE = YES;
				CLANG_WARN_UNGUARDED_AVAILABILITY = YES_AGGRESSIVE;
				CLANG_WARN_UNREACHABLE_CODE = YES;
				CLANG_WARN__DUPLICATE_METHOD_MATCH = YES;
				COPY_PHASE_STRIP = NO;
				DEBUG_INFORMATION_FORMAT = "dwarf-with-dsym";
				ENABLE_NS_ASSERTIONS = NO;
				ENABLE_STRICT_OBJC_MSGSEND = YES;
				ENABLE_USER_SCRIPT_SANDBOXING = YES;
				GCC_C_LANGUAGE_STANDARD = gnu17;
				GCC_NO_COMMON_BLOCKS = YES;
				GCC_WARN_64_TO_32_BIT_CONVERSION = YES;
				GCC_WARN_ABOUT_RETURN_TYPE = YES_ERROR;
				GCC_WARN_UNDECLARED_SELECTOR = YES;
				GCC_WARN_UNINITIALIZED_AUTOS = YES_AGGRESSIVE;
				GCC_WARN_UNUSED_FUNCTION = YES;
				GCC_WARN_UNUSED_VARIABLE = YES;
				LOCALIZATION_PREFERS_STRING_CATALOGS = YES;
				MTL_ENABLE_DEBUG_INFO = NO;
				MTL_FAST_MATH = YES;
				SDKROOT = xros;
				SWIFT_COMPILATION_MODE = wholemodule;
				VALIDATE_PRODUCT = YES;
				XROS_DEPLOYMENT_TARGET = 1.1;
			};
			name = Release;
		};
		20CF53DD2BEAB9EA00232428 /* Debug */ = {
			isa = XCBuildConfiguration;
			buildSettings = {
				ASSETCATALOG_COMPILER_APPICON_NAME = AppIcon;
				ASSETCATALOG_COMPILER_GLOBAL_ACCENT_COLOR_NAME = AccentColor;
				CODE_SIGN_STYLE = Automatic;
				CURRENT_PROJECT_VERSION = 1;
				DEVELOPMENT_ASSET_PATHS = "\"all-notes-matter-visionOS/Preview Content\"";
				DEVELOPMENT_TEAM = 2RQ6LB993C;
				ENABLE_PREVIEWS = YES;
				GENERATE_INFOPLIST_FILE = YES;
				INFOPLIST_FILE = "$(TARGET_NAME)/Info.plist";
				LD_RUNPATH_SEARCH_PATHS = (
					"$(inherited)",
					"@executable_path/Frameworks",
				);
				MARKETING_VERSION = 1.0;
				PRODUCT_BUNDLE_IDENTIFIER = "n1t1.all-notes-matter-visionOS";
				PRODUCT_NAME = "$(TARGET_NAME)";
				SUPPORTED_PLATFORMS = "xros xrsimulator";
				SWIFT_EMIT_LOC_STRINGS = YES;
				SWIFT_VERSION = 5.0;
				TARGETED_DEVICE_FAMILY = "1,2,7";
			};
			name = Debug;
		};
		20CF53DE2BEAB9EA00232428 /* Release */ = {
			isa = XCBuildConfiguration;
			buildSettings = {
				ASSETCATALOG_COMPILER_APPICON_NAME = AppIcon;
				ASSETCATALOG_COMPILER_GLOBAL_ACCENT_COLOR_NAME = AccentColor;
				CODE_SIGN_STYLE = Automatic;
				CURRENT_PROJECT_VERSION = 1;
				DEVELOPMENT_ASSET_PATHS = "\"all-notes-matter-visionOS/Preview Content\"";
				DEVELOPMENT_TEAM = 2RQ6LB993C;
				ENABLE_PREVIEWS = YES;
				GENERATE_INFOPLIST_FILE = YES;
				INFOPLIST_FILE = "$(TARGET_NAME)/Info.plist";
				LD_RUNPATH_SEARCH_PATHS = (
					"$(inherited)",
					"@executable_path/Frameworks",
				);
				MARKETING_VERSION = 1.0;
				PRODUCT_BUNDLE_IDENTIFIER = "n1t1.all-notes-matter-visionOS";
				PRODUCT_NAME = "$(TARGET_NAME)";
				SUPPORTED_PLATFORMS = "xros xrsimulator";
				SWIFT_EMIT_LOC_STRINGS = YES;
				SWIFT_VERSION = 5.0;
				TARGETED_DEVICE_FAMILY = "1,2,7";
			};
			name = Release;
		};
/* End XCBuildConfiguration section */

/* Begin XCConfigurationList section */
		20CF53C22BEAB9E800232428 /* Build configuration list for PBXProject "all-notes-matter-visionOS" */ = {
			isa = XCConfigurationList;
			buildConfigurations = (
				20CF53DA2BEAB9EA00232428 /* Debug */,
				20CF53DB2BEAB9EA00232428 /* Release */,
			);
			defaultConfigurationIsVisible = 0;
			defaultConfigurationName = Release;
		};
		20CF53DC2BEAB9EA00232428 /* Build configuration list for PBXNativeTarget "all-notes-matter-visionOS" */ = {
			isa = XCConfigurationList;
			buildConfigurations = (
				20CF53DD2BEAB9EA00232428 /* Debug */,
				20CF53DE2BEAB9EA00232428 /* Release */,
			);
			defaultConfigurationIsVisible = 0;
			defaultConfigurationName = Release;
		};
/* End XCConfigurationList section */

/* Begin XCSwiftPackageProductDependency section */
		20CF53CC2BEAB9E800232428 /* RealityKitContent */ = {
			isa = XCSwiftPackageProductDependency;
			productName = RealityKitContent;
		};
/* End XCSwiftPackageProductDependency section */
	};
	rootObject = 20CF53BF2BEAB9E800232428 /* Project object */;
}
